
Microsoft Visual Studio Solution File, Format Version 12.00
# Visual Studio Version 17
VisualStudioVersion = 17.4.33103.184
MinimumVisualStudioVersion = 10.0.40219.1
Project("{9A19103F-16F7-4668-BE54-9A1E7A4F7556}") = "Azure.Cli.Model", "Azure.Cli.Model\Azure.Cli.Model.csproj", "{BF55221F-3D72-40A8-8411-4B1AAD971C7D}"
EndProject
Project("{9A19103F-16F7-4668-BE54-9A1E7A4F7556}") = "Azure.Cli.Commands", "Azure.Cli.Commands\Azure.Cli.Commands.csproj", "{4C7AC870-F7F8-4E68-9DF7-3E21D5B30747}"
EndProject
Project("{9A19103F-16F7-4668-BE54-9A1E7A4F7556}") = "AzWhoAmI.ConsoleApp", "AzWhoAmI.ConsoleApp\AzWhoAmI.ConsoleApp.csproj", "{CAA98C2A-1941-423E-A685-4EB27196628B}"
EndProject
Global
	GlobalSection(SolutionConfigurationPlatforms) = preSolution
		Debug|Any CPU = Debug|Any CPU
		Release|Any CPU = Release|Any CPU
	EndGlobalSection
	GlobalSection(ProjectConfigurationPlatforms) = postSolution
		{BF55221F-3D72-40A8-8411-4B1AAD971C7D}.Debug|Any CPU.ActiveCfg = Debug|Any CPU
		{BF55221F-3D72-40A8-8411-4B1AAD971C7D}.Debug|Any CPU.Build.0 = Debug|Any CPU
		{BF55221F-3D72-40A8-8411-4B1AAD971C7D}.Release|Any CPU.ActiveCfg = Release|Any CPU
		{BF55221F-3D72-40A8-8411-4B1AAD971C7D}.Release|Any CPU.Build.0 = Release|Any CPU
		{4C7AC870-F7F8-4E68-9DF7-3E21D5B30747}.Debug|Any CPU.ActiveCfg = Debug|Any CPU
		{4C7AC870-F7F8-4E68-9DF7-3E21D5B30747}.Debug|Any CPU.Build.0 = Debug|Any CPU
		{4C7AC870-F7F8-4E68-9DF7-3E21D5B30747}.Release|Any CPU.ActiveCfg = Release|Any CPU
		{4C7AC870-F7F8-4E68-9DF7-3E21D5B30747}.Release|Any CPU.Build.0 = Release|Any CPU
		{CAA98C2A-1941-423E-A685-4EB27196628B}.Debug|Any CPU.ActiveCfg = Debug|Any CPU
		{CAA98C2A-1941-423E-A685-4EB27196628B}.Debug|Any CPU.Build.0 = Debug|Any CPU
		{CAA98C2A-1941-423E-A685-4EB27196628B}.Release|Any CPU.ActiveCfg = Release|Any CPU
		{CAA98C2A-1941-423E-A685-4EB27196628B}.Release|Any CPU.Build.0 = Release|Any CPU
	EndGlobalSection
	GlobalSection(SolutionProperties) = preSolution
		HideSolutionNode = FALSE
	EndGlobalSection
	GlobalSection(ExtensibilityGlobals) = postSolution
		SolutionGuid = {44AB9A5A-6E8A-4EDA-8B2C-BAA7630B86A4}
	EndGlobalSection
EndGlobal
